{
    "_readme": [
        "This file locks the dependencies of your project to a known state",
        "Read more about it at http://getcomposer.org/doc/01-basic-usage.md#composer-lock-the-lock-file",
        "This file is @generated automatically"
    ],
    "hash": "2e649133977505b725bb8d9e3fe01379",
    "packages": [
        {
            "name": "continuousphp/drupal-base-build",
            "version": "dev-develop",
            "source": {
                "type": "git",
                "url": "https://github.com/continuousphp/drupal-base-build.git",
                "reference": "0daa6b9a2fb78109203f4bb5d4ebbadf375192e4"
            },
            "dist": {
                "type": "zip",
                "url": "https://api.github.com/repos/continuousphp/drupal-base-build/zipball/0daa6b9a2fb78109203f4bb5d4ebbadf375192e4",
                "reference": "0daa6b9a2fb78109203f4bb5d4ebbadf375192e4",
                "shasum": ""
            },
            "require": {
                "continuousphp/phing-drush-task": "~1.0"
            },
            "type": "library",
            "autoload": {
                "psr-0": {
                    "Continuousphp\\": "src/"
                }
            },
            "notification-url": "https://packagist.org/downloads/",
            "license": [
                "MIT"
            ],
            "authors": [
                {
                    "name": "Frederic Dewinne",
                    "email": "frederic@continuousphp.com"
                }
            ],
            "description": "Drupal base Phing build for continuousphp",
            "homepage": "https://github.com/continuousphp/drupal-base-build",
            "time": "2015-02-07 10:10:56"
        },
        {
            "name": "continuousphp/phing-drush-task",
            "version": "1.0",
            "source": {
                "type": "git",
                "url": "https://github.com/continuousphp/phing-drush-task.git",
                "reference": "ae7ea303ca0b549357dd761b06252b186c40403e"
            },
            "dist": {
                "type": "zip",
                "url": "https://api.github.com/repos/continuousphp/phing-drush-task/zipball/ae7ea303ca0b549357dd761b06252b186c40403e",
                "reference": "ae7ea303ca0b549357dd761b06252b186c40403e",
                "shasum": ""
            },
            "require": {
                "drush/drush": "~6.5",
                "phing/phing": "~2.9"
            },
            "type": "library",
            "autoload": {
                "psr-0": {
                    "Drush\\": "src/"
                }
            },
            "notification-url": "https://packagist.org/downloads/",
            "license": [
                "MIT"
            ],
            "authors": [
                {
                    "name": "Frederic Dewinne",
                    "email": "frederic@continuousphp.com"
                }
            ],
            "description": "Drush task for Phing",
            "homepage": "https://github.com/continuousphp/phing-drush-task",
            "time": "2015-02-07 09:59:19"
        },
        {
            "name": "drush/drush",
            "version": "6.5.0",
            "source": {
                "type": "git",
                "url": "https://github.com/drush-ops/drush.git",
                "reference": "0a7918a36eb730046493e04538772c612445fa12"
            },
            "dist": {
                "type": "zip",
                "url": "https://api.github.com/repos/drush-ops/drush/zipball/0a7918a36eb730046493e04538772c612445fa12",
                "reference": "0a7918a36eb730046493e04538772c612445fa12",
                "shasum": ""
            },
            "require": {
                "php": ">=5.3.0"
            },
            "require-dev": {
                "phpunit/phpunit": ">=3.5"
            },
            "bin": [
                "drush",
                "drush.php",
                "drush.bat",
                "drush.complete.sh"
            ],
            "type": "library",
            "notification-url": "https://packagist.org/downloads/",
            "license": [
                "GPL-2.0+"
            ],
            "authors": [
                {
                    "name": "Moshe Weitzman",
                    "email": "weitzman@tejasa.com"
                },
                {
                    "name": "Owen Barton",
                    "email": "drupal@owenbarton.com"
                },
                {
                    "name": "Mark Sonnabaum",
                    "email": "marksonnabaum@gmail.com"
                },
                {
                    "name": "Antoine Beaupré",
                    "email": "anarcat@koumbit.org"
                },
                {
                    "name": "Greg Anderson",
                    "email": "greg.1.anderson@greenknowe.org"
                },
                {
                    "name": "Jonathan Araña Cruz",
                    "email": "jonhattan@faita.net"
                },
                {
                    "name": "Jonathan Hedstrom",
                    "email": "jhedstrom@gmail.com"
                }
            ],
            "description": "Drush is a command line shell and scripting interface for Drupal, a veritable Swiss Army knife designed to make life easier for those of us who spend some of our working hours hacking away at the command prompt.",
            "homepage": "http://www.drush.org",
            "time": "2014-11-18 04:09:24"
        },
        {
            "name": "phing/phing",
            "version": "2.9.1",
            "source": {
                "type": "git",
                "url": "https://github.com/phingofficial/phing.git",
                "reference": "393edeffa8a85d43636ce0c9b4deb1ff9ac60a5c"
            },
            "dist": {
                "type": "zip",
                "url": "https://api.github.com/repos/phingofficial/phing/zipball/393edeffa8a85d43636ce0c9b4deb1ff9ac60a5c",
                "reference": "393edeffa8a85d43636ce0c9b4deb1ff9ac60a5c",
                "shasum": ""
            },
            "require": {
                "php": ">=5.2.0"
            },
            "require-dev": {
                "ext-pdo_sqlite": "*",
                "lastcraft/simpletest": "@dev",
                "pdepend/pdepend": "1.x",
                "pear-pear.php.net/http_request2": "2.2.x",
                "pear-pear.php.net/net_growl": "2.7.x",
                "pear-pear.php.net/pear_packagefilemanager": "1.7.x",
                "pear-pear.php.net/pear_packagefilemanager2": "1.0.x",
                "pear-pear.php.net/xml_serializer": "0.20.x",
                "pear/pear_exception": "@dev",
                "pear/versioncontrol_git": "@dev",
                "pear/versioncontrol_svn": "@dev",
                "phpdocumentor/phpdocumentor": "2.x",
                "phploc/phploc": "2.x",
                "phpunit/phpunit": ">=3.7",
                "sebastian/phpcpd": "2.x",
                "squizlabs/php_codesniffer": "1.5.x"
            },
            "suggest": {
                "pdepend/pdepend": "PHP version of JDepend",
                "pear/archive_tar": "Tar file management class",
                "pear/versioncontrol_git": "A library that provides OO interface to handle Git repository",
                "pear/versioncontrol_svn": "A simple OO-style interface for Subversion, the free/open-source version control system",
                "phpdocumentor/phpdocumentor": "Documentation Generator for PHP",
                "phploc/phploc": "A tool for quickly measuring the size of a PHP project",
                "phpmd/phpmd": "PHP version of PMD tool",
                "phpunit/php-code-coverage": "Library that provides collection, processing, and rendering functionality for PHP code coverage information",
                "phpunit/phpunit": "The PHP Unit Testing Framework",
                "sebastian/phpcpd": "Copy/Paste Detector (CPD) for PHP code",
                "tedivm/jshrink": "Javascript Minifier built in PHP"
            },
            "bin": [
                "bin/phing"
            ],
            "type": "library",
            "extra": {
                "branch-alias": {
                    "dev-master": "2.9.x-dev"
                }
            },
            "autoload": {
                "classmap": [
                    "classes/phing/"
                ]
            },
            "notification-url": "https://packagist.org/downloads/",
            "include-path": [
                "classes"
            ],
            "license": [
                "LGPL-3.0"
            ],
            "authors": [
                {
                    "name": "Phing Community",
                    "homepage": "http://www.phing.info/trac/wiki/Development/Contributors"
                },
                {
                    "name": "Michiel Rook",
                    "email": "mrook@php.net"
                }
            ],
            "description": "PHing Is Not GNU make; it's a PHP project build system or build tool based on Apache Ant.",
            "homepage": "http://www.phing.info/",
            "keywords": [
                "build",
                "phing",
                "task",
                "tool"
            ],
            "time": "2014-12-03 09:18:46"
        }
    ],
    "packages-dev": [],
    "aliases": [],
    "minimum-stability": "stable",
    "stability-flags": {
        "continuousphp/drupal-base-build": 20
    },
    "prefer-stable": false,
    "prefer-lowest": false,
    "platform": [],
    "platform-dev": []
}
